
Microsoft Visual Studio Solution File, Format Version 12.00
# Visual Studio Version 16
VisualStudioVersion = 16.0.31729.503
MinimumVisualStudioVersion = 10.0.40219.1
Project("{FAE04EC0-301F-11D3-BF4B-00C04F79EFBC}") = "Data Structure Programs", "Data Structure Programs\Data Structure Programs.csproj", "{2F295657-164C-4922-B3C5-63D5EEFA2141}"
EndProject
Global
	GlobalSection(SolutionConfigurationPlatforms) = preSolution
		Debug|Any CPU = Debug|Any CPU
		Release|Any CPU = Release|Any CPU
	EndGlobalSection
	GlobalSection(ProjectConfigurationPlatforms) = postSolution
		{2F295657-164C-4922-B3C5-63D5EEFA2141}.Debug|Any CPU.ActiveCfg = Debug|Any CPU
		{2F295657-164C-4922-B3C5-63D5EEFA2141}.Debug|Any CPU.Build.0 = Debug|Any CPU
		{2F295657-164C-4922-B3C5-63D5EEFA2141}.Release|Any CPU.ActiveCfg = Release|Any CPU
		{2F295657-164C-4922-B3C5-63D5EEFA2141}.Release|Any CPU.Build.0 = Release|Any CPU
	EndGlobalSection
	GlobalSection(SolutionProperties) = preSolution
		HideSolutionNode = FALSE
	EndGlobalSection
	GlobalSection(ExtensibilityGlobals) = postSolution
		SolutionGuid = {D0E7FE66-92E1-4C88-8F37-B7A646115803}
	EndGlobalSection
EndGlobal
